PODS:
  - Alamofire (4.4.0)
  - PromiseKit (4.1.7):
    - PromiseKit/Foundation (= 4.1.7)
    - PromiseKit/QuartzCore (= 4.1.7)
    - PromiseKit/UIKit (= 4.1.7)
  - PromiseKit/CorePromise (4.1.7)
  - PromiseKit/Foundation (4.1.7):
    - PromiseKit/CorePromise
  - PromiseKit/QuartzCore (4.1.7):
    - PromiseKit/CorePromise
  - PromiseKit/UIKit (4.1.7):
    - PromiseKit/CorePromise

DEPENDENCIES:
  - Alamofire (~> 4.4)
  - PromiseKit (~> 4.1)

SPEC CHECKSUMS:
  Alamofire: dc44b1600b800eb63da6a19039a0083d62a6a62d
  PromiseKit: 779f2e41faf62d854e7593026ddbcb0bb5c5002d

PODFILE CHECKSUM: effe3de1ba7daac5c6b1d277efd0332d37950d6a

COCOAPODS: 1.2.0
